
Microsoft Visual Studio Solution File, Format Version 12.00
# Visual Studio Version 17
VisualStudioVersion = 17.14.36518.9 d17.14
MinimumVisualStudioVersion = 10.0.40219.1
Project("{FAE04EC0-301F-11D3-BF4B-00C04F79EFBC}") = "ProyectoEquiposApp", "ProyectoEquiposApp\ProyectoEquiposApp.csproj", "{01C1FA5B-F606-4002-8DD9-FE0211379B1F}"
EndProject
Global
	GlobalSection(SolutionConfigurationPlatforms) = preSolution
		Debug|Any CPU = Debug|Any CPU
		Release|Any CPU = Release|Any CPU
	EndGlobalSection
	GlobalSection(ProjectConfigurationPlatforms) = postSolution
		{01C1FA5B-F606-4002-8DD9-FE0211379B1F}.Debug|Any CPU.ActiveCfg = Debug|Any CPU
		{01C1FA5B-F606-4002-8DD9-FE0211379B1F}.Debug|Any CPU.Build.0 = Debug|Any CPU
		{01C1FA5B-F606-4002-8DD9-FE0211379B1F}.Release|Any CPU.ActiveCfg = Release|Any CPU
		{01C1FA5B-F606-4002-8DD9-FE0211379B1F}.Release|Any CPU.Build.0 = Release|Any CPU
	EndGlobalSection
	GlobalSection(SolutionProperties) = preSolution
		HideSolutionNode = FALSE
	EndGlobalSection
	GlobalSection(ExtensibilityGlobals) = postSolution
		SolutionGuid = {76A96F3D-460E-458E-B200-1621BF9469E8}
	EndGlobalSection
EndGlobal
